
Microsoft Visual Studio Solution File, Format Version 12.00
# Visual Studio Version 17
VisualStudioVersion = 17.11.35312.102
MinimumVisualStudioVersion = 10.0.40219.1
Project("{FAE04EC0-301F-11D3-BF4B-00C04F79EFBC}") = "StefanJativa MAUI", "StefanJativa MAUI.csproj", "{BEF899CE-3CA8-42E4-BBA9-01673F7AC067}"
EndProject
Global
	GlobalSection(SolutionConfigurationPlatforms) = preSolution
		Debug|Any CPU = Debug|Any CPU
		Release|Any CPU = Release|Any CPU
	EndGlobalSection
	GlobalSection(ProjectConfigurationPlatforms) = postSolution
		{BEF899CE-3CA8-42E4-BBA9-01673F7AC067}.Debug|Any CPU.ActiveCfg = Debug|Any CPU
		{BEF899CE-3CA8-42E4-BBA9-01673F7AC067}.Debug|Any CPU.Build.0 = Debug|Any CPU
		{BEF899CE-3CA8-42E4-BBA9-01673F7AC067}.Debug|Any CPU.Deploy.0 = Debug|Any CPU
		{BEF899CE-3CA8-42E4-BBA9-01673F7AC067}.Release|Any CPU.ActiveCfg = Release|Any CPU
		{BEF899CE-3CA8-42E4-BBA9-01673F7AC067}.Release|Any CPU.Build.0 = Release|Any CPU
		{BEF899CE-3CA8-42E4-BBA9-01673F7AC067}.Release|Any CPU.Deploy.0 = Release|Any CPU
	EndGlobalSection
	GlobalSection(SolutionProperties) = preSolution
		HideSolutionNode = FALSE
	EndGlobalSection
	GlobalSection(ExtensibilityGlobals) = postSolution
		SolutionGuid = {F6135846-9645-495F-8BAE-014215066113}
	EndGlobalSection
EndGlobal
